{
  "name": "js",
  "version": "1.0.0",
  "lockfileVersion": 3,
  "requires": true,
  "packages": {
    "": {
      "version": "1.0.0",
      "license": "AGPL-version-3.0",
      "dependencies": {
        "hawkflow": "^0.0.5"
      },
      "engines": {
        "node": ">= 14.0.0",
        "npm": ">= 6.0.0"
      }
    },
    "node_modules/hawkflow": {
      "version": "0.0.5",
      "resolved": "https://registry.npmjs.org/hawkflow/-/hawkflow-0.0.5.tgz",
      "integrity": "sha512-TNdVXNnJRNJlWg8Q6kYheXFY1WtLHjdrPKanbBncj+lDQM30I36TksV/DLcR08oighTOBIOCgS/GaLze9dIkzw=="
    }
  }
}
