github.com/google/uuid v1.3.0 h1:t6JiXgmwXMjEs8VusXIJk2BXHsn+wx8BZdTaoZ5fu7I=
github.com/google/uuid v1.3.0/go.mod h1:TIyPZe4MgqvfeYDBFedMoGGpEw/LqOeaOT+nhxU+yHo=
github.com/hawkflow/hawkflow-go v1.0.4 h1:MrSQYVC/s7l9gCbwhVK0xwb2I4hcawBH2oXIk/oHI/w=
github.com/hawkflow/hawkflow-go v1.0.4/go.mod h1:DDoifxt7AIEsjmVrpl921rQlZKVKIJujAQUbRZYGz3s=
